<?xml version="1.0" encoding="utf-8"?>
<Project ToolsVersion="4.0" xmlns="http://schemas.microsoft.com/developer/msbuild/2003">
  <ItemGroup>
    <Filter Include="Source Files">
      <UniqueIdentifier>{4FC737F1-C7A5-4376-A066-2A32D752A2FF}</UniqueIdentifier>
      <Extensions>cpp;c;cc;cxx;def;odl;idl;hpj;bat;asm;asmx</Extensions>
    </Filter>
    <Filter Include="Header Files">
      <UniqueIdentifier>{93995380-89BD-4b04-88EB-625FBE52EBFB}</UniqueIdentifier>
      <Extensions>h;hh;hpp;hxx;hm;inl;inc;xsd</Extensions>
    </Filter>
    <Filter Include="Resource Files">
      <UniqueIdentifier>{67DA6AB6-F800-4c08-8B7A-83BB121AAD01}</UniqueIdentifier>
      <Extensions>rc;ico;cur;bmp;dlg;rc2;rct;bin;rgs;gif;jpg;jpeg;jpe;resx;tiff;tif;png;wav;mfcribbon-ms</Extensions>
    </Filter>
  </ItemGroup>
  <ItemGroup>
    <ClInclude Include="stdafx.h">
      <Filter>Header Files</Filter>
    </ClInclude>
    <ClInclude Include="targetver.h">
      <Filter>Header Files</Filter>
    </ClInclude>
  </ItemGroup>
  <ItemGroup>
    <ClCompile Include="stdafx.cpp">
      <Filter>Source Files</Filter>
    </ClCompile>
    <ClCompile Include="project-fin2.cpp">
      <Filter>Source Files</Filter>
    </ClCompile>
  </ItemGroup>
  <ItemGroup>
    <None Include="addForceFragment.shader">
      <Filter>Source Files</Filter>
    </None>
    <None Include="addSplatFragment.shader">
      <Filter>Source Files</Filter>
    </None>
    <None Include="advectFragment.shader">
      <Filter>Source Files</Filter>
    </None>
    <None Include="divergenceFragment.shader">
      <Filter>Source Files</Filter>
    </None>
    <None Include="jacobiIterationFragment.shader">
      <Filter>Source Files</Filter>
    </None>
    <None Include="screenFragment.shader">
      <Filter>Source Files</Filter>
    </None>
    <None Include="screenVertex.shader">
      <Filter>Source Files</Filter>
    </None>
    <None Include="subPressureGradientFragment.shader">
      <Filter>Source Files</Filter>
    </None>
    <None Include="initVelFuncFragment.shader">
      <Filter>Source Files</Filter>
    </None>
    <None Include="initColorFuncFragment.shader">
      <Filter>Source Files</Filter>
    </None>
    <None Include="initPressureFuncFragment.shader">
      <Filter>Source Files</Filter>
    </None>
    <None Include="drawArrowVertex.shader">
      <Filter>Source Files</Filter>
    </None>
    <None Include="drawArrowFragment.shader">
      <Filter>Source Files</Filter>
    </None>
    <None Include="addSplatColFragment.shader">
      <Filter>Source Files</Filter>
    </None>
    <None Include="advectColFragment.shader">
      <Filter>Source Files</Filter>
    </None>
    <None Include="texColCopyFragment.shader">
      <Filter>Source Files</Filter>
    </None>
    <None Include="texPresCopyFragment.shader">
      <Filter>Source Files</Filter>
    </None>
    <None Include="texVelCopyFragment.shader">
      <Filter>Source Files</Filter>
    </None>
  </ItemGroup>
</Project>